// !$*UTF8*$!
{
	archiveVersion = 1;
	classes = {
	};
	objectVersion = 46;
	objects = {

/* Begin PBXBuildFile section */
		6C1385991F1F1551002F837B /* main.cpp in Sources */ = {isa = PBXBuildFile; fileRef = 6C1385981F1F1551002F837B /* main.cpp */; };
		6CC4F61F1F202CCB00D68D72 /* EsvApiInterface.cpp in Sources */ = {isa = PBXBuildFile; fileRef = 6CC4F61D1F202CCB00D68D72 /* EsvApiInterface.cpp */; };
/* End PBXBuildFile section */

/* Begin PBXCopyFilesBuildPhase section */
		6C1385931F1F1551002F837B /* CopyFiles */ = {
			isa = PBXCopyFilesBuildPhase;
			buildActionMask = 2147483647;
			dstPath = /usr/share/man/man1/;
			dstSubfolderSpec = 0;
			files = (
			);
			runOnlyForDeploymentPostprocessing = 1;
		};
/* End PBXCopyFilesBuildPhase section */

/* Begin PBXFileReference section */
		6C1385951F1F1551002F837B /* EsvApiInterface */ = {isa = PBXFileReference; explicitFileType = "compiled.mach-o.executable"; includeInIndex = 0; path = EsvApiInterface; sourceTree = BUILT_PRODUCTS_DIR; };
		6C1385981F1F1551002F837B /* main.cpp */ = {isa = PBXFileReference; lastKnownFileType = sourcecode.cpp.cpp; path = main.cpp; sourceTree = "<group>"; };
		6C8EBDA71F22D1E7003146B1 /* dark.css */ = {isa = PBXFileReference; fileEncoding = 4; lastKnownFileType = text.css; path = dark.css; sourceTree = "<group>"; };
		6CC4F61D1F202CCB00D68D72 /* EsvApiInterface.cpp */ = {isa = PBXFileReference; fileEncoding = 4; lastKnownFileType = sourcecode.cpp.cpp; path = EsvApiInterface.cpp; sourceTree = "<group>"; };
		6CC4F61E1F202CCB00D68D72 /* EsvApiInterface.hpp */ = {isa = PBXFileReference; fileEncoding = 4; lastKnownFileType = sourcecode.cpp.h; path = EsvApiInterface.hpp; sourceTree = "<group>"; };
		6CD329521F27BCD800332DF1 /* dark_redLetter.css */ = {isa = PBXFileReference; fileEncoding = 4; lastKnownFileType = text.css; path = dark_redLetter.css; sourceTree = "<group>"; };
		6CEC58781F35543300EE0000 /* Installer */ = {isa = PBXFileReference; lastKnownFileType = folder; path = Installer; sourceTree = "<group>"; };
/* End PBXFileReference section */

/* Begin PBXFrameworksBuildPhase section */
		6C1385921F1F1551002F837B /* Frameworks */ = {
			isa = PBXFrameworksBuildPhase;
			buildActionMask = 2147483647;
			files = (
			);
			runOnlyForDeploymentPostprocessing = 0;
		};
/* End PBXFrameworksBuildPhase section */

/* Begin PBXGroup section */
		6C13858C1F1F1551002F837B = {
			isa = PBXGroup;
			children = (
				6CEC58781F35543300EE0000 /* Installer */,
				6C1385971F1F1551002F837B /* EsvApiInterface */,
				6C1385961F1F1551002F837B /* Products */,
			);
			sourceTree = "<group>";
		};
		6C1385961F1F1551002F837B /* Products */ = {
			isa = PBXGroup;
			children = (
				6C1385951F1F1551002F837B /* EsvApiInterface */,
			);
			name = Products;
			sourceTree = "<group>";
		};
		6C1385971F1F1551002F837B /* EsvApiInterface */ = {
			isa = PBXGroup;
			children = (
				6C1385981F1F1551002F837B /* main.cpp */,
				6CC4F61D1F202CCB00D68D72 /* EsvApiInterface.cpp */,
				6CC4F61E1F202CCB00D68D72 /* EsvApiInterface.hpp */,
				6C8EBDA71F22D1E7003146B1 /* dark.css */,
				6CD329521F27BCD800332DF1 /* dark_redLetter.css */,
			);
			path = EsvApiInterface;
			sourceTree = "<group>";
		};
/* End PBXGroup section */

/* Begin PBXNativeTarget section */
		6C1385941F1F1551002F837B /* EsvApiInterface */ = {
			isa = PBXNativeTarget;
			buildConfigurationList = 6C13859C1F1F1551002F837B /* Build configuration list for PBXNativeTarget "EsvApiInterface" */;
			buildPhases = (
				6C1385911F1F1551002F837B /* Sources */,
				6C1385921F1F1551002F837B /* Frameworks */,
				6C1385931F1F1551002F837B /* CopyFiles */,
			);
			buildRules = (
			);
			dependencies = (
			);
			name = EsvApiInterface;
			productName = EsvApiInterface;
			productReference = 6C1385951F1F1551002F837B /* EsvApiInterface */;
			productType = "com.apple.product-type.tool";
		};
/* End PBXNativeTarget section */

/* Begin PBXProject section */
		6C13858D1F1F1551002F837B /* Project object */ = {
			isa = PBXProject;
			attributes = {
				LastUpgradeCheck = 0830;
				ORGANIZATIONNAME = "Justin Thompson";
				TargetAttributes = {
					6C1385941F1F1551002F837B = {
						CreatedOnToolsVersion = 8.3.3;
						DevelopmentTeam = 3VMGS975WD;
						ProvisioningStyle = Automatic;
					};
				};
			};
			buildConfigurationList = 6C1385901F1F1551002F837B /* Build configuration list for PBXProject "EsvApiInterface" */;
			compatibilityVersion = "Xcode 3.2";
			developmentRegion = English;
			hasScannedForEncodings = 0;
			knownRegions = (
				en,
			);
			mainGroup = 6C13858C1F1F1551002F837B;
			productRefGroup = 6C1385961F1F1551002F837B /* Products */;
			projectDirPath = "";
			projectRoot = "";
			targets = (
				6C1385941F1F1551002F837B /* EsvApiInterface */,
			);
		};
/* End PBXProject section */

/* Begin PBXSourcesBuildPhase section */
		6C1385911F1F1551002F837B /* Sources */ = {
			isa = PBXSourcesBuildPhase;
			buildActionMask = 2147483647;
			files = (
				6C1385991F1F1551002F837B /* main.cpp in Sources */,
				6CC4F61F1F202CCB00D68D72 /* EsvApiInterface.cpp in Sources */,
			);
			runOnlyForDeploymentPostprocessing = 0;
		};
/* End PBXSourcesBuildPhase section */

/* Begin XCBuildConfiguration section */
		6C13859A1F1F1551002F837B /* Debug */ = {
			isa = XCBuildConfiguration;
			buildSettings = {
				ALWAYS_SEARCH_USER_PATHS = NO;
				CLANG_ANALYZER_NONNULL = YES;
				CLANG_ANALYZER_NUMBER_OBJECT_CONVERSION = YES_AGGRESSIVE;
				CLANG_CXX_LANGUAGE_STANDARD = "gnu++0x";
				CLANG_CXX_LIBRARY = "libc++";
				CLANG_ENABLE_MODULES = YES;
				CLANG_ENABLE_OBJC_ARC = YES;
				CLANG_WARN_BOOL_CONVERSION = YES;
				CLANG_WARN_CONSTANT_CONVERSION = YES;
				CLANG_WARN_DIRECT_OBJC_ISA_USAGE = YES_ERROR;
				CLANG_WARN_DOCUMENTATION_COMMENTS = YES;
				CLANG_WARN_EMPTY_BODY = YES;
				CLANG_WARN_ENUM_CONVERSION = YES;
				CLANG_WARN_INFINITE_RECURSION = YES;
				CLANG_WARN_INT_CONVERSION = YES;
				CLANG_WARN_OBJC_ROOT_CLASS = YES_ERROR;
				CLANG_WARN_SUSPICIOUS_MOVE = YES;
				CLANG_WARN_UNREACHABLE_CODE = YES;
				CLANG_WARN__DUPLICATE_METHOD_MATCH = YES;
				CODE_SIGN_IDENTITY = "-";
				COPY_PHASE_STRIP = NO;
				DEBUG_INFORMATION_FORMAT = dwarf;
				ENABLE_STRICT_OBJC_MSGSEND = YES;
				ENABLE_TESTABILITY = YES;
				GCC_C_LANGUAGE_STANDARD = gnu99;
				GCC_DYNAMIC_NO_PIC = NO;
				GCC_NO_COMMON_BLOCKS = YES;
				GCC_OPTIMIZATION_LEVEL = 0;
				GCC_PREPROCESSOR_DEFINITIONS = (
					"DEBUG=1",
					"$(inherited)",
				);
				GCC_WARN_64_TO_32_BIT_CONVERSION = YES;
				GCC_WARN_ABOUT_RETURN_TYPE = YES_ERROR;
				GCC_WARN_UNDECLARED_SELECTOR = YES;
				GCC_WARN_UNINITIALIZED_AUTOS = YES_AGGRESSIVE;
				GCC_WARN_UNUSED_FUNCTION = YES;
				GCC_WARN_UNUSED_VARIABLE = YES;
				MACOSX_DEPLOYMENT_TARGET = 10.12;
				MTL_ENABLE_DEBUG_INFO = YES;
				ONLY_ACTIVE_ARCH = YES;
				SDKROOT = macosx;
			};
			name = Debug;
		};
		6C13859B1F1F1551002F837B /* Release */ = {
			isa = XCBuildConfiguration;
			buildSettings = {
				ALWAYS_SEARCH_USER_PATHS = NO;
				CLANG_ANALYZER_NONNULL = YES;
				CLANG_ANALYZER_NUMBER_OBJECT_CONVERSION = YES_AGGRESSIVE;
				CLANG_CXX_LANGUAGE_STANDARD = "gnu++0x";
				CLANG_CXX_LIBRARY = "libc++";
				CLANG_ENABLE_MODULES = YES;
				CLANG_ENABLE_OBJC_ARC = YES;
				CLANG_WARN_BOOL_CONVERSION = YES;
				CLANG_WARN_CONSTANT_CONVERSION = YES;
				CLANG_WARN_DIRECT_OBJC_ISA_USAGE = YES_ERROR;
				CLANG_WARN_DOCUMENTATION_COMMENTS = YES;
				CLANG_WARN_EMPTY_BODY = YES;
				CLANG_WARN_ENUM_CONVERSION = YES;
				CLANG_WARN_INFINITE_RECURSION = YES;
				CLANG_WARN_INT_CONVERSION = YES;
				CLANG_WARN_OBJC_ROOT_CLASS = YES_ERROR;
				CLANG_WARN_SUSPICIOUS_MOVE = YES;
				CLANG_WARN_UNREACHABLE_CODE = YES;
				CLANG_WARN__DUPLICATE_METHOD_MATCH = YES;
				CODE_SIGN_IDENTITY = "-";
				COPY_PHASE_STRIP = NO;
				DEBUG_INFORMATION_FORMAT = "dwarf-with-dsym";
				ENABLE_NS_ASSERTIONS = NO;
				ENABLE_STRICT_OBJC_MSGSEND = YES;
				GCC_C_LANGUAGE_STANDARD = gnu99;
				GCC_NO_COMMON_BLOCKS = YES;
				GCC_WARN_64_TO_32_BIT_CONVERSION = YES;
				GCC_WARN_ABOUT_RETURN_TYPE = YES_ERROR;
				GCC_WARN_UNDECLARED_SELECTOR = YES;
				GCC_WARN_UNINITIALIZED_AUTOS = YES_AGGRESSIVE;
				GCC_WARN_UNUSED_FUNCTION = YES;
				GCC_WARN_UNUSED_VARIABLE = YES;
				MACOSX_DEPLOYMENT_TARGET = 10.12;
				MTL_ENABLE_DEBUG_INFO = NO;
				SDKROOT = macosx;
			};
			name = Release;
		};
		6C13859D1F1F1551002F837B /* Debug */ = {
			isa = XCBuildConfiguration;
			buildSettings = {
				DEVELOPMENT_TEAM = 3VMGS975WD;
				PRODUCT_NAME = "$(TARGET_NAME)";
			};
			name = Debug;
		};
		6C13859E1F1F1551002F837B /* Release */ = {
			isa = XCBuildConfiguration;
			buildSettings = {
				DEVELOPMENT_TEAM = 3VMGS975WD;
				PRODUCT_NAME = "$(TARGET_NAME)";
			};
			name = Release;
		};
/* End XCBuildConfiguration section */

/* Begin XCConfigurationList section */
		6C1385901F1F1551002F837B /* Build configuration list for PBXProject "EsvApiInterface" */ = {
			isa = XCConfigurationList;
			buildConfigurations = (
				6C13859A1F1F1551002F837B /* Debug */,
				6C13859B1F1F1551002F837B /* Release */,
			);
			defaultConfigurationIsVisible = 0;
			defaultConfigurationName = Release;
		};
		6C13859C1F1F1551002F837B /* Build configuration list for PBXNativeTarget "EsvApiInterface" */ = {
			isa = XCConfigurationList;
			buildConfigurations = (
				6C13859D1F1F1551002F837B /* Debug */,
				6C13859E1F1F1551002F837B /* Release */,
			);
			defaultConfigurationIsVisible = 0;
			defaultConfigurationName = Release;
		};
/* End XCConfigurationList section */
	};
	rootObject = 6C13858D1F1F1551002F837B /* Project object */;
}
